// !$*UTF8*$!
{
	archiveVersion = 1;
	classes = {
	};
	objectVersion = 52;
	objects = {

/* Begin PBXBuildFile section */
		4A272F472733166A00DD07D9 /* AppDelegate.swift in Sources */ = {isa = PBXBuildFile; fileRef = 4A272F462733166A00DD07D9 /* AppDelegate.swift */; };
		4A272F492733166A00DD07D9 /* SceneDelegate.swift in Sources */ = {isa = PBXBuildFile; fileRef = 4A272F482733166A00DD07D9 /* SceneDelegate.swift */; };
		4A272F4B2733166A00DD07D9 /* AddPlaceViewController.swift in Sources */ = {isa = PBXBuildFile; fileRef = 4A272F4A2733166A00DD07D9 /* AddPlaceViewController.swift */; };
		4A272F4E2733166A00DD07D9 /* Main.storyboard in Resources */ = {isa = PBXBuildFile; fileRef = 4A272F4C2733166A00DD07D9 /* Main.storyboard */; };
		4A272F502733167400DD07D9 /* Assets.xcassets in Resources */ = {isa = PBXBuildFile; fileRef = 4A272F4F2733167400DD07D9 /* Assets.xcassets */; };
		4A272F532733167400DD07D9 /* LaunchScreen.storyboard in Resources */ = {isa = PBXBuildFile; fileRef = 4A272F512733167400DD07D9 /* LaunchScreen.storyboard */; };
		4A272F5C27332F0A00DD07D9 /* PlacesTableViewController.swift in Sources */ = {isa = PBXBuildFile; fileRef = 4A272F5B27332F0A00DD07D9 /* PlacesTableViewController.swift */; };
		4A272F60273333A300DD07D9 /* Place.swift in Sources */ = {isa = PBXBuildFile; fileRef = 4A272F5F273333A300DD07D9 /* Place.swift */; };
		4A272F63273333C100DD07D9 /* PlaceService.swift in Sources */ = {isa = PBXBuildFile; fileRef = 4A272F62273333C100DD07D9 /* PlaceService.swift */; };
		4A272F662733363600DD07D9 /* GoogleService-Info.plist in Resources */ = {isa = PBXBuildFile; fileRef = 4A272F652733363600DD07D9 /* GoogleService-Info.plist */; };
		4A272F6A273337B200DD07D9 /* FirebaseAuth in Frameworks */ = {isa = PBXBuildFile; productRef = 4A272F69273337B200DD07D9 /* FirebaseAuth */; };
		4A272F6C273337B200DD07D9 /* FirebaseFirestore in Frameworks */ = {isa = PBXBuildFile; productRef = 4A272F6B273337B200DD07D9 /* FirebaseFirestore */; };
		4A272F702733404400DD07D9 /* GoogleSignIn in Frameworks */ = {isa = PBXBuildFile; productRef = 4A272F6F2733404400DD07D9 /* GoogleSignIn */; };
		4A272F73273340C900DD07D9 /* SignInViewController.swift in Sources */ = {isa = PBXBuildFile; fileRef = 4A272F72273340C900DD07D9 /* SignInViewController.swift */; };
/* End PBXBuildFile section */

/* Begin PBXFileReference section */
		4A272F432733166A00DD07D9 /* WannaGo.app */ = {isa = PBXFileReference; explicitFileType = wrapper.application; includeInIndex = 0; path = WannaGo.app; sourceTree = BUILT_PRODUCTS_DIR; };
		4A272F462733166A00DD07D9 /* AppDelegate.swift */ = {isa = PBXFileReference; lastKnownFileType = sourcecode.swift; path = AppDelegate.swift; sourceTree = "<group>"; };
		4A272F482733166A00DD07D9 /* SceneDelegate.swift */ = {isa = PBXFileReference; lastKnownFileType = sourcecode.swift; path = SceneDelegate.swift; sourceTree = "<group>"; };
		4A272F4A2733166A00DD07D9 /* AddPlaceViewController.swift */ = {isa = PBXFileReference; lastKnownFileType = sourcecode.swift; path = AddPlaceViewController.swift; sourceTree = "<group>"; };
		4A272F4D2733166A00DD07D9 /* Base */ = {isa = PBXFileReference; lastKnownFileType = file.storyboard; name = Base; path = Base.lproj/Main.storyboard; sourceTree = "<group>"; };
		4A272F4F2733167400DD07D9 /* Assets.xcassets */ = {isa = PBXFileReference; lastKnownFileType = folder.assetcatalog; path = Assets.xcassets; sourceTree = "<group>"; };
		4A272F522733167400DD07D9 /* Base */ = {isa = PBXFileReference; lastKnownFileType = file.storyboard; name = Base; path = Base.lproj/LaunchScreen.storyboard; sourceTree = "<group>"; };
		4A272F542733167400DD07D9 /* Info.plist */ = {isa = PBXFileReference; lastKnownFileType = text.plist.xml; path = Info.plist; sourceTree = "<group>"; };
		4A272F5B27332F0A00DD07D9 /* PlacesTableViewController.swift */ = {isa = PBXFileReference; lastKnownFileType = sourcecode.swift; path = PlacesTableViewController.swift; sourceTree = "<group>"; };
		4A272F5F273333A300DD07D9 /* Place.swift */ = {isa = PBXFileReference; lastKnownFileType = sourcecode.swift; path = Place.swift; sourceTree = "<group>"; };
		4A272F62273333C100DD07D9 /* PlaceService.swift */ = {isa = PBXFileReference; lastKnownFileType = sourcecode.swift; path = PlaceService.swift; sourceTree = "<group>"; };
		4A272F652733363600DD07D9 /* GoogleService-Info.plist */ = {isa = PBXFileReference; fileEncoding = 4; lastKnownFileType = text.plist.xml; path = "GoogleService-Info.plist"; sourceTree = "<group>"; };
		4A272F72273340C900DD07D9 /* SignInViewController.swift */ = {isa = PBXFileReference; lastKnownFileType = sourcecode.swift; path = SignInViewController.swift; sourceTree = "<group>"; };
/* End PBXFileReference section */

/* Begin PBXFrameworksBuildPhase section */
		4A272F402733166A00DD07D9 /* Frameworks */ = {
			isa = PBXFrameworksBuildPhase;
			buildActionMask = 2147483647;
			files = (
				4A272F6A273337B200DD07D9 /* FirebaseAuth in Frameworks */,
				4A272F6C273337B200DD07D9 /* FirebaseFirestore in Frameworks */,
				4A272F702733404400DD07D9 /* GoogleSignIn in Frameworks */,
			);
			runOnlyForDeploymentPostprocessing = 0;
		};
/* End PBXFrameworksBuildPhase section */

/* Begin PBXGroup section */
		4A272F3A2733166A00DD07D9 = {
			isa = PBXGroup;
			children = (
				4A272F452733166A00DD07D9 /* WannaGo */,
				4A272F442733166A00DD07D9 /* Products */,
			);
			sourceTree = "<group>";
		};
		4A272F442733166A00DD07D9 /* Products */ = {
			isa = PBXGroup;
			children = (
				4A272F432733166A00DD07D9 /* WannaGo.app */,
			);
			name = Products;
			sourceTree = "<group>";
		};
		4A272F452733166A00DD07D9 /* WannaGo */ = {
			isa = PBXGroup;
			children = (
				4A272F5E2733338C00DD07D9 /* Places */,
				4A272F462733166A00DD07D9 /* AppDelegate.swift */,
				4A272F72273340C900DD07D9 /* SignInViewController.swift */,
				4A272F482733166A00DD07D9 /* SceneDelegate.swift */,
				4A272F4A2733166A00DD07D9 /* AddPlaceViewController.swift */,
				4A272F5B27332F0A00DD07D9 /* PlacesTableViewController.swift */,
				4A272F4C2733166A00DD07D9 /* Main.storyboard */,
				4A272F4F2733167400DD07D9 /* Assets.xcassets */,
				4A272F512733167400DD07D9 /* LaunchScreen.storyboard */,
				4A272F652733363600DD07D9 /* GoogleService-Info.plist */,
				4A272F542733167400DD07D9 /* Info.plist */,
			);
			path = WannaGo;
			sourceTree = "<group>";
		};
		4A272F5E2733338C00DD07D9 /* Places */ = {
			isa = PBXGroup;
			children = (
				4A272F5F273333A300DD07D9 /* Place.swift */,
				4A272F62273333C100DD07D9 /* PlaceService.swift */,
			);
			path = Places;
			sourceTree = "<group>";
		};
/* End PBXGroup section */

/* Begin PBXNativeTarget section */
		4A272F422733166A00DD07D9 /* WannaGo */ = {
			isa = PBXNativeTarget;
			buildConfigurationList = 4A272F572733167400DD07D9 /* Build configuration list for PBXNativeTarget "WannaGo" */;
			buildPhases = (
				4A272F3F2733166A00DD07D9 /* Sources */,
				4A272F402733166A00DD07D9 /* Frameworks */,
				4A272F412733166A00DD07D9 /* Resources */,
			);
			buildRules = (
			);
			dependencies = (
			);
			name = WannaGo;
			packageProductDependencies = (
				4A272F69273337B200DD07D9 /* FirebaseAuth */,
				4A272F6B273337B200DD07D9 /* FirebaseFirestore */,
				4A272F6F2733404400DD07D9 /* GoogleSignIn */,
			);
			productName = WannaGo;
			productReference = 4A272F432733166A00DD07D9 /* WannaGo.app */;
			productType = "com.apple.product-type.application";
		};
/* End PBXNativeTarget section */

/* Begin PBXProject section */
		4A272F3B2733166A00DD07D9 /* Project object */ = {
			isa = PBXProject;
			attributes = {
				LastSwiftUpdateCheck = 1240;
				LastUpgradeCheck = 1240;
				TargetAttributes = {
					4A272F422733166A00DD07D9 = {
						CreatedOnToolsVersion = 12.4;
					};
				};
			};
			buildConfigurationList = 4A272F3E2733166A00DD07D9 /* Build configuration list for PBXProject "WannaGo" */;
			compatibilityVersion = "Xcode 9.3";
			developmentRegion = en;
			hasScannedForEncodings = 0;
			knownRegions = (
				en,
				Base,
			);
			mainGroup = 4A272F3A2733166A00DD07D9;
			packageReferences = (
				4A272F68273337B200DD07D9 /* XCRemoteSwiftPackageReference "firebase-ios-sdk" */,
				4A272F6E2733404400DD07D9 /* XCRemoteSwiftPackageReference "GoogleSignIn-iOS" */,
			);
			productRefGroup = 4A272F442733166A00DD07D9 /* Products */;
			projectDirPath = "";
			projectRoot = "";
			targets = (
				4A272F422733166A00DD07D9 /* WannaGo */,
			);
		};
/* End PBXProject section */

/* Begin PBXResourcesBuildPhase section */
		4A272F412733166A00DD07D9 /* Resources */ = {
			isa = PBXResourcesBuildPhase;
			buildActionMask = 2147483647;
			files = (
				4A272F532733167400DD07D9 /* LaunchScreen.storyboard in Resources */,
				4A272F662733363600DD07D9 /* GoogleService-Info.plist in Resources */,
				4A272F502733167400DD07D9 /* Assets.xcassets in Resources */,
				4A272F4E2733166A00DD07D9 /* Main.storyboard in Resources */,
			);
			runOnlyForDeploymentPostprocessing = 0;
		};
/* End PBXResourcesBuildPhase section */

/* Begin PBXSourcesBuildPhase section */
		4A272F3F2733166A00DD07D9 /* Sources */ = {
			isa = PBXSourcesBuildPhase;
			buildActionMask = 2147483647;
			files = (
				4A272F73273340C900DD07D9 /* SignInViewController.swift in Sources */,
				4A272F4B2733166A00DD07D9 /* AddPlaceViewController.swift in Sources */,
				4A272F63273333C100DD07D9 /* PlaceService.swift in Sources */,
				4A272F5C27332F0A00DD07D9 /* PlacesTableViewController.swift in Sources */,
				4A272F472733166A00DD07D9 /* AppDelegate.swift in Sources */,
				4A272F492733166A00DD07D9 /* SceneDelegate.swift in Sources */,
				4A272F60273333A300DD07D9 /* Place.swift in Sources */,
			);
			runOnlyForDeploymentPostprocessing = 0;
		};
/* End PBXSourcesBuildPhase section */

/* Begin PBXVariantGroup section */
		4A272F4C2733166A00DD07D9 /* Main.storyboard */ = {
			isa = PBXVariantGroup;
			children = (
				4A272F4D2733166A00DD07D9 /* Base */,
			);
			name = Main.storyboard;
			sourceTree = "<group>";
		};
		4A272F512733167400DD07D9 /* LaunchScreen.storyboard */ = {
			isa = PBXVariantGroup;
			children = (
				4A272F522733167400DD07D9 /* Base */,
			);
			name = LaunchScreen.storyboard;
			sourceTree = "<group>";
		};
/* End PBXVariantGroup section */

/* Begin XCBuildConfiguration section */
		4A272F552733167400DD07D9 /* Debug */ = {
			isa = XCBuildConfiguration;
			buildSettings = {
				ALWAYS_SEARCH_USER_PATHS = NO;
				CLANG_ANALYZER_NONNULL = YES;
				CLANG_ANALYZER_NUMBER_OBJECT_CONVERSION = YES_AGGRESSIVE;
				CLANG_CXX_LANGUAGE_STANDARD = "gnu++14";
				CLANG_CXX_LIBRARY = "libc++";
				CLANG_ENABLE_MODULES = YES;
				CLANG_ENABLE_OBJC_ARC = YES;
				CLANG_ENABLE_OBJC_WEAK = YES;
				CLANG_WARN_BLOCK_CAPTURE_AUTORELEASING = YES;
				CLANG_WARN_BOOL_CONVERSION = YES;
				CLANG_WARN_COMMA = YES;
				CLANG_WARN_CONSTANT_CONVERSION = YES;
				CLANG_WARN_DEPRECATED_OBJC_IMPLEMENTATIONS = YES;
				CLANG_WARN_DIRECT_OBJC_ISA_USAGE = YES_ERROR;
				CLANG_WARN_DOCUMENTATION_COMMENTS = YES;
				CLANG_WARN_EMPTY_BODY = YES;
				CLANG_WARN_ENUM_CONVERSION = YES;
				CLANG_WARN_INFINITE_RECURSION = YES;
				CLANG_WARN_INT_CONVERSION = YES;
				CLANG_WARN_NON_LITERAL_NULL_CONVERSION = YES;
				CLANG_WARN_OBJC_IMPLICIT_RETAIN_SELF = YES;
				CLANG_WARN_OBJC_LITERAL_CONVERSION = YES;
				CLANG_WARN_OBJC_ROOT_CLASS = YES_ERROR;
				CLANG_WARN_QUOTED_INCLUDE_IN_FRAMEWORK_HEADER = YES;
				CLANG_WARN_RANGE_LOOP_ANALYSIS = YES;
				CLANG_WARN_STRICT_PROTOTYPES = YES;
				CLANG_WARN_SUSPICIOUS_MOVE = YES;
				CLANG_WARN_UNGUARDED_AVAILABILITY = YES_AGGRESSIVE;
				CLANG_WARN_UNREACHABLE_CODE = YES;
				CLANG_WARN__DUPLICATE_METHOD_MATCH = YES;
				COPY_PHASE_STRIP = NO;
				DEBUG_INFORMATION_FORMAT = dwarf;
				ENABLE_STRICT_OBJC_MSGSEND = YES;
				ENABLE_TESTABILITY = YES;
				GCC_C_LANGUAGE_STANDARD = gnu11;
				GCC_DYNAMIC_NO_PIC = NO;
				GCC_NO_COMMON_BLOCKS = YES;
				GCC_OPTIMIZATION_LEVEL = 0;
				GCC_PREPROCESSOR_DEFINITIONS = (
					"DEBUG=1",
					"$(inherited)",
				);
				GCC_WARN_64_TO_32_BIT_CONVERSION = YES;
				GCC_WARN_ABOUT_RETURN_TYPE = YES_ERROR;
				GCC_WARN_UNDECLARED_SELECTOR = YES;
				GCC_WARN_UNINITIALIZED_AUTOS = YES_AGGRESSIVE;
				GCC_WARN_UNUSED_FUNCTION = YES;
				GCC_WARN_UNUSED_VARIABLE = YES;
				IPHONEOS_DEPLOYMENT_TARGET = 14.4;
				MTL_ENABLE_DEBUG_INFO = INCLUDE_SOURCE;
				MTL_FAST_MATH = YES;
				ONLY_ACTIVE_ARCH = YES;
				SDKROOT = iphoneos;
				SWIFT_ACTIVE_COMPILATION_CONDITIONS = DEBUG;
				SWIFT_OPTIMIZATION_LEVEL = "-Onone";
			};
			name = Debug;
		};
		4A272F562733167400DD07D9 /* Release */ = {
			isa = XCBuildConfiguration;
			buildSettings = {
				ALWAYS_SEARCH_USER_PATHS = NO;
				CLANG_ANALYZER_NONNULL = YES;
				CLANG_ANALYZER_NUMBER_OBJECT_CONVERSION = YES_AGGRESSIVE;
				CLANG_CXX_LANGUAGE_STANDARD = "gnu++14";
				CLANG_CXX_LIBRARY = "libc++";
				CLANG_ENABLE_MODULES = YES;
				CLANG_ENABLE_OBJC_ARC = YES;
				CLANG_ENABLE_OBJC_WEAK = YES;
				CLANG_WARN_BLOCK_CAPTURE_AUTORELEASING = YES;
				CLANG_WARN_BOOL_CONVERSION = YES;
				CLANG_WARN_COMMA = YES;
				CLANG_WARN_CONSTANT_CONVERSION = YES;
				CLANG_WARN_DEPRECATED_OBJC_IMPLEMENTATIONS = YES;
				CLANG_WARN_DIRECT_OBJC_ISA_USAGE = YES_ERROR;
				CLANG_WARN_DOCUMENTATION_COMMENTS = YES;
				CLANG_WARN_EMPTY_BODY = YES;
				CLANG_WARN_ENUM_CONVERSION = YES;
				CLANG_WARN_INFINITE_RECURSION = YES;
				CLANG_WARN_INT_CONVERSION = YES;
				CLANG_WARN_NON_LITERAL_NULL_CONVERSION = YES;
				CLANG_WARN_OBJC_IMPLICIT_RETAIN_SELF = YES;
				CLANG_WARN_OBJC_LITERAL_CONVERSION = YES;
				CLANG_WARN_OBJC_ROOT_CLASS = YES_ERROR;
				CLANG_WARN_QUOTED_INCLUDE_IN_FRAMEWORK_HEADER = YES;
				CLANG_WARN_RANGE_LOOP_ANALYSIS = YES;
				CLANG_WARN_STRICT_PROTOTYPES = YES;
				CLANG_WARN_SUSPICIOUS_MOVE = YES;
				CLANG_WARN_UNGUARDED_AVAILABILITY = YES_AGGRESSIVE;
				CLANG_WARN_UNREACHABLE_CODE = YES;
				CLANG_WARN__DUPLICATE_METHOD_MATCH = YES;
				COPY_PHASE_STRIP = NO;
				DEBUG_INFORMATION_FORMAT = "dwarf-with-dsym";
				ENABLE_NS_ASSERTIONS = NO;
				ENABLE_STRICT_OBJC_MSGSEND = YES;
				GCC_C_LANGUAGE_STANDARD = gnu11;
				GCC_NO_COMMON_BLOCKS = YES;
				GCC_WARN_64_TO_32_BIT_CONVERSION = YES;
				GCC_WARN_ABOUT_RETURN_TYPE = YES_ERROR;
				GCC_WARN_UNDECLARED_SELECTOR = YES;
				GCC_WARN_UNINITIALIZED_AUTOS = YES_AGGRESSIVE;
				GCC_WARN_UNUSED_FUNCTION = YES;
				GCC_WARN_UNUSED_VARIABLE = YES;
				IPHONEOS_DEPLOYMENT_TARGET = 14.4;
				MTL_ENABLE_DEBUG_INFO = NO;
				MTL_FAST_MATH = YES;
				SDKROOT = iphoneos;
				SWIFT_COMPILATION_MODE = wholemodule;
				SWIFT_OPTIMIZATION_LEVEL = "-O";
				VALIDATE_PRODUCT = YES;
			};
			name = Release;
		};
		4A272F582733167400DD07D9 /* Debug */ = {
			isa = XCBuildConfiguration;
			buildSettings = {
				ASSETCATALOG_COMPILER_APPICON_NAME = AppIcon;
				ASSETCATALOG_COMPILER_GLOBAL_ACCENT_COLOR_NAME = AccentColor;
				CODE_SIGN_STYLE = Automatic;
				INFOPLIST_FILE = WannaGo/Info.plist;
				LD_RUNPATH_SEARCH_PATHS = (
					"$(inherited)",
					"@executable_path/Frameworks",
				);
				PRODUCT_BUNDLE_IDENTIFIER = "edu.iu-garogden.WannaGo";
				PRODUCT_NAME = "$(TARGET_NAME)";
				SWIFT_VERSION = 5.0;
				TARGETED_DEVICE_FAMILY = "1,2";
			};
			name = Debug;
		};
		4A272F592733167400DD07D9 /* Release */ = {
			isa = XCBuildConfiguration;
			buildSettings = {
				ASSETCATALOG_COMPILER_APPICON_NAME = AppIcon;
				ASSETCATALOG_COMPILER_GLOBAL_ACCENT_COLOR_NAME = AccentColor;
				CODE_SIGN_STYLE = Automatic;
				INFOPLIST_FILE = WannaGo/Info.plist;
				LD_RUNPATH_SEARCH_PATHS = (
					"$(inherited)",
					"@executable_path/Frameworks",
				);
				PRODUCT_BUNDLE_IDENTIFIER = "edu.iu-garogden.WannaGo";
				PRODUCT_NAME = "$(TARGET_NAME)";
				SWIFT_VERSION = 5.0;
				TARGETED_DEVICE_FAMILY = "1,2";
			};
			name = Release;
		};
/* End XCBuildConfiguration section */

/* Begin XCConfigurationList section */
		4A272F3E2733166A00DD07D9 /* Build configuration list for PBXProject "WannaGo" */ = {
			isa = XCConfigurationList;
			buildConfigurations = (
				4A272F552733167400DD07D9 /* Debug */,
				4A272F562733167400DD07D9 /* Release */,
			);
			defaultConfigurationIsVisible = 0;
			defaultConfigurationName = Release;
		};
		4A272F572733167400DD07D9 /* Build configuration list for PBXNativeTarget "WannaGo" */ = {
			isa = XCConfigurationList;
			buildConfigurations = (
				4A272F582733167400DD07D9 /* Debug */,
				4A272F592733167400DD07D9 /* Release */,
			);
			defaultConfigurationIsVisible = 0;
			defaultConfigurationName = Release;
		};
/* End XCConfigurationList section */

/* Begin XCRemoteSwiftPackageReference section */
		4A272F68273337B200DD07D9 /* XCRemoteSwiftPackageReference "firebase-ios-sdk" */ = {
			isa = XCRemoteSwiftPackageReference;
			repositoryURL = "https://github.com/firebase/firebase-ios-sdk.git";
			requirement = {
				kind = upToNextMajorVersion;
				minimumVersion = 8.9.1;
			};
		};
		4A272F6E2733404400DD07D9 /* XCRemoteSwiftPackageReference "GoogleSignIn-iOS" */ = {
			isa = XCRemoteSwiftPackageReference;
			repositoryURL = "https://github.com/google/GoogleSignIn-iOS";
			requirement = {
				kind = upToNextMajorVersion;
				minimumVersion = 6.0.2;
			};
		};
/* End XCRemoteSwiftPackageReference section */

/* Begin XCSwiftPackageProductDependency section */
		4A272F69273337B200DD07D9 /* FirebaseAuth */ = {
			isa = XCSwiftPackageProductDependency;
			package = 4A272F68273337B200DD07D9 /* XCRemoteSwiftPackageReference "firebase-ios-sdk" */;
			productName = FirebaseAuth;
		};
		4A272F6B273337B200DD07D9 /* FirebaseFirestore */ = {
			isa = XCSwiftPackageProductDependency;
			package = 4A272F68273337B200DD07D9 /* XCRemoteSwiftPackageReference "firebase-ios-sdk" */;
			productName = FirebaseFirestore;
		};
		4A272F6F2733404400DD07D9 /* GoogleSignIn */ = {
			isa = XCSwiftPackageProductDependency;
			package = 4A272F6E2733404400DD07D9 /* XCRemoteSwiftPackageReference "GoogleSignIn-iOS" */;
			productName = GoogleSignIn;
		};
/* End XCSwiftPackageProductDependency section */
	};
	rootObject = 4A272F3B2733166A00DD07D9 /* Project object */;
}
